
Microsoft Visual Studio Solution File, Format Version 12.00
# Visual Studio 15
VisualStudioVersion = 15.0.27703.2026
MinimumVisualStudioVersion = 10.0.40219.1
Project("{9A19103F-16F7-4668-BE54-9A1E7A4F7556}") = "PlanejamentoProducao.Web", "PlanejamentoProducao.Web\PlanejamentoProducao.Web.csproj", "{5F464125-7241-4473-892A-51EDBE990F5C}"
EndProject
Project("{FAE04EC0-301F-11D3-BF4B-00C04F79EFBC}") = "PlanejamentoProducao.Api", "PlanejamentoProducao.Api\PlanejamentoProducao.Api.csproj", "{339F1FFD-E33C-4BB1-8274-9DCF4F5737E7}"
EndProject
Global
	GlobalSection(SolutionConfigurationPlatforms) = preSolution
		Debug|Any CPU = Debug|Any CPU
		Release|Any CPU = Release|Any CPU
	EndGlobalSection
	GlobalSection(ProjectConfigurationPlatforms) = postSolution
		{5F464125-7241-4473-892A-51EDBE990F5C}.Debug|Any CPU.ActiveCfg = Debug|Any CPU
		{5F464125-7241-4473-892A-51EDBE990F5C}.Debug|Any CPU.Build.0 = Debug|Any CPU
		{5F464125-7241-4473-892A-51EDBE990F5C}.Release|Any CPU.ActiveCfg = Release|Any CPU
		{5F464125-7241-4473-892A-51EDBE990F5C}.Release|Any CPU.Build.0 = Release|Any CPU
		{339F1FFD-E33C-4BB1-8274-9DCF4F5737E7}.Debug|Any CPU.ActiveCfg = Debug|Any CPU
		{339F1FFD-E33C-4BB1-8274-9DCF4F5737E7}.Debug|Any CPU.Build.0 = Debug|Any CPU
		{339F1FFD-E33C-4BB1-8274-9DCF4F5737E7}.Release|Any CPU.ActiveCfg = Release|Any CPU
		{339F1FFD-E33C-4BB1-8274-9DCF4F5737E7}.Release|Any CPU.Build.0 = Release|Any CPU
	EndGlobalSection
	GlobalSection(SolutionProperties) = preSolution
		HideSolutionNode = FALSE
	EndGlobalSection
	GlobalSection(ExtensibilityGlobals) = postSolution
		SolutionGuid = {6D5D0921-4B25-43F9-BEEB-BE00C9AB66E3}
	EndGlobalSection
EndGlobal
